
Microsoft Visual Studio Solution File, Format Version 12.00
# Visual Studio 14
VisualStudioVersion = 14.0.25420.1
MinimumVisualStudioVersion = 10.0.40219.1
Project("{8BC9CEB8-8B4A-11D0-8D11-00A0C91BC942}") = "SilkyPatch", "SilkyPatch\SilkyPatch.vcxproj", "{0B4FE969-6E96-4093-952B-CB5D602F4459}"
EndProject
Project("{8BC9CEB8-8B4A-11D0-8D11-00A0C91BC942}") = "MesTool", "MesTool\MesTool.vcxproj", "{E528FE57-FA31-481C-904C-055B5DC958CA}"
EndProject
Project("{8BC9CEB8-8B4A-11D0-8D11-00A0C91BC942}") = "AkbTool", "AkbTool\AkbTool.vcxproj", "{2C3E5B7A-BE8F-49DC-8AF3-966C1C6DA330}"
EndProject
Global
	GlobalSection(SolutionConfigurationPlatforms) = preSolution
		Debug|x64 = Debug|x64
		Debug|x86 = Debug|x86
		Release|x64 = Release|x64
		Release|x86 = Release|x86
	EndGlobalSection
	GlobalSection(ProjectConfigurationPlatforms) = postSolution
		{0B4FE969-6E96-4093-952B-CB5D602F4459}.Debug|x64.ActiveCfg = Debug|x64
		{0B4FE969-6E96-4093-952B-CB5D602F4459}.Debug|x64.Build.0 = Debug|x64
		{0B4FE969-6E96-4093-952B-CB5D602F4459}.Debug|x86.ActiveCfg = Debug|Win32
		{0B4FE969-6E96-4093-952B-CB5D602F4459}.Debug|x86.Build.0 = Debug|Win32
		{0B4FE969-6E96-4093-952B-CB5D602F4459}.Release|x64.ActiveCfg = Release|x64
		{0B4FE969-6E96-4093-952B-CB5D602F4459}.Release|x64.Build.0 = Release|x64
		{0B4FE969-6E96-4093-952B-CB5D602F4459}.Release|x86.ActiveCfg = Release|Win32
		{0B4FE969-6E96-4093-952B-CB5D602F4459}.Release|x86.Build.0 = Release|Win32
		{E528FE57-FA31-481C-904C-055B5DC958CA}.Debug|x64.ActiveCfg = Debug|x64
		{E528FE57-FA31-481C-904C-055B5DC958CA}.Debug|x64.Build.0 = Debug|x64
		{E528FE57-FA31-481C-904C-055B5DC958CA}.Debug|x86.ActiveCfg = Debug|Win32
		{E528FE57-FA31-481C-904C-055B5DC958CA}.Debug|x86.Build.0 = Debug|Win32
		{E528FE57-FA31-481C-904C-055B5DC958CA}.Release|x64.ActiveCfg = Release|x64
		{E528FE57-FA31-481C-904C-055B5DC958CA}.Release|x64.Build.0 = Release|x64
		{E528FE57-FA31-481C-904C-055B5DC958CA}.Release|x86.ActiveCfg = Release|Win32
		{E528FE57-FA31-481C-904C-055B5DC958CA}.Release|x86.Build.0 = Release|Win32
		{2C3E5B7A-BE8F-49DC-8AF3-966C1C6DA330}.Debug|x64.ActiveCfg = Debug|x64
		{2C3E5B7A-BE8F-49DC-8AF3-966C1C6DA330}.Debug|x64.Build.0 = Debug|x64
		{2C3E5B7A-BE8F-49DC-8AF3-966C1C6DA330}.Debug|x86.ActiveCfg = Debug|Win32
		{2C3E5B7A-BE8F-49DC-8AF3-966C1C6DA330}.Debug|x86.Build.0 = Debug|Win32
		{2C3E5B7A-BE8F-49DC-8AF3-966C1C6DA330}.Release|x64.ActiveCfg = Release|x64
		{2C3E5B7A-BE8F-49DC-8AF3-966C1C6DA330}.Release|x64.Build.0 = Release|x64
		{2C3E5B7A-BE8F-49DC-8AF3-966C1C6DA330}.Release|x86.ActiveCfg = Release|Win32
		{2C3E5B7A-BE8F-49DC-8AF3-966C1C6DA330}.Release|x86.Build.0 = Release|Win32
	EndGlobalSection
	GlobalSection(SolutionProperties) = preSolution
		HideSolutionNode = FALSE
	EndGlobalSection
EndGlobal
