
Microsoft Visual Studio Solution File, Format Version 12.00
# Visual Studio 2013
VisualStudioVersion = 12.0.30723.0
MinimumVisualStudioVersion = 10.0.40219.1
Project("{8BC9CEB8-8B4A-11D0-8D11-00A0C91BC942}") = "DatPack", "DatPack\DatPack.vcxproj", "{DCBCABFE-CDC2-4DB6-A27E-E683225F57C7}"
EndProject
Project("{8BC9CEB8-8B4A-11D0-8D11-00A0C91BC942}") = "MinatoPatch", "MinatoPatch\MinatoPatch.vcxproj", "{61DB73B8-AA84-46CA-B3C0-C7885FE1D12C}"
EndProject
Global
	GlobalSection(SolutionConfigurationPlatforms) = preSolution
		Debug|Win32 = Debug|Win32
		Release|Win32 = Release|Win32
	EndGlobalSection
	GlobalSection(ProjectConfigurationPlatforms) = postSolution
		{DCBCABFE-CDC2-4DB6-A27E-E683225F57C7}.Debug|Win32.ActiveCfg = Debug|Win32
		{DCBCABFE-CDC2-4DB6-A27E-E683225F57C7}.Debug|Win32.Build.0 = Debug|Win32
		{DCBCABFE-CDC2-4DB6-A27E-E683225F57C7}.Release|Win32.ActiveCfg = Release|Win32
		{DCBCABFE-CDC2-4DB6-A27E-E683225F57C7}.Release|Win32.Build.0 = Release|Win32
		{61DB73B8-AA84-46CA-B3C0-C7885FE1D12C}.Debug|Win32.ActiveCfg = Debug|Win32
		{61DB73B8-AA84-46CA-B3C0-C7885FE1D12C}.Debug|Win32.Build.0 = Debug|Win32
		{61DB73B8-AA84-46CA-B3C0-C7885FE1D12C}.Release|Win32.ActiveCfg = Release|Win32
		{61DB73B8-AA84-46CA-B3C0-C7885FE1D12C}.Release|Win32.Build.0 = Release|Win32
	EndGlobalSection
	GlobalSection(SolutionProperties) = preSolution
		HideSolutionNode = FALSE
	EndGlobalSection
EndGlobal
