<?xml version="1.0" encoding="utf-8"?>
<Project ToolsVersion="4.0" xmlns="http://schemas.microsoft.com/developer/msbuild/2003">
  <ItemGroup>
    <Filter Include="zlib">
      <UniqueIdentifier>{51fb22f9-5ad9-4773-ab1e-2bd7a88fd8be}</UniqueIdentifier>
    </Filter>
  </ItemGroup>
  <ItemGroup>
    <ClCompile Include="E:\Library\zlib\adler32.c">
      <Filter>zlib</Filter>
    </ClCompile>
    <ClCompile Include="E:\Library\zlib\compress.c">
      <Filter>zlib</Filter>
    </ClCompile>
    <ClCompile Include="E:\Library\zlib\crc32.c">
      <Filter>zlib</Filter>
    </ClCompile>
    <ClCompile Include="E:\Library\zlib\deflate.c">
      <Filter>zlib</Filter>
    </ClCompile>
    <ClCompile Include="E:\Library\zlib\inffast.c">
      <Filter>zlib</Filter>
    </ClCompile>
    <ClCompile Include="E:\Library\zlib\inflate.c">
      <Filter>zlib</Filter>
    </ClCompile>
    <ClCompile Include="E:\Library\zlib\inftrees.c">
      <Filter>zlib</Filter>
    </ClCompile>
    <ClCompile Include="E:\Library\zlib\trees.c">
      <Filter>zlib</Filter>
    </ClCompile>
    <ClCompile Include="E:\Library\zlib\uncompr.c">
      <Filter>zlib</Filter>
    </ClCompile>
    <ClCompile Include="E:\Library\zlib\zutil.c">
      <Filter>zlib</Filter>
    </ClCompile>
    <ClCompile Include="Krkr2Lite.cpp" />
    <ClCompile Include="TVPFuncDecl.cpp" />
    <ClCompile Include="XP3Viewer.cpp" />
  </ItemGroup>
  <ItemGroup>
    <ClInclude Include="Krkr2Lite.h" />
    <ClInclude Include="resource.h" />
    <ClInclude Include="TVPFuncDecl.h" />
    <ClInclude Include="XP3Viewer.h" />
  </ItemGroup>
  <ItemGroup>
    <ResourceCompile Include="XP3ViewerUI.rc" />
  </ItemGroup>
  <ItemGroup>
    <CustomBuild Include="XP3Viewer.def" />
  </ItemGroup>
</Project>