
Microsoft Visual Studio Solution File, Format Version 12.00
# Visual Studio 2013
VisualStudioVersion = 12.0.30723.0
MinimumVisualStudioVersion = 10.0.40219.1
Project("{8BC9CEB8-8B4A-11D0-8D11-00A0C91BC942}") = "getstring", "getstring\getstring.vcxproj", "{E4B21A5A-D86C-4EB8-85FE-B4991C360C7B}"
EndProject
Project("{8BC9CEB8-8B4A-11D0-8D11-00A0C91BC942}") = "igatool", "igatool\igatool.vcxproj", "{C45FDDBD-8A1E-4726-AA47-E4C6188649DA}"
EndProject
Project("{8BC9CEB8-8B4A-11D0-8D11-00A0C91BC942}") = "IGPatch", "IGPatch\IGPatch.vcxproj", "{A222B9AD-EFCA-454F-87F2-6B87623D6525}"
EndProject
Global
	GlobalSection(SolutionConfigurationPlatforms) = preSolution
		Debug|Win32 = Debug|Win32
		Release|Win32 = Release|Win32
	EndGlobalSection
	GlobalSection(ProjectConfigurationPlatforms) = postSolution
		{E4B21A5A-D86C-4EB8-85FE-B4991C360C7B}.Debug|Win32.ActiveCfg = Debug|Win32
		{E4B21A5A-D86C-4EB8-85FE-B4991C360C7B}.Debug|Win32.Build.0 = Debug|Win32
		{E4B21A5A-D86C-4EB8-85FE-B4991C360C7B}.Release|Win32.ActiveCfg = Release|Win32
		{E4B21A5A-D86C-4EB8-85FE-B4991C360C7B}.Release|Win32.Build.0 = Release|Win32
		{C45FDDBD-8A1E-4726-AA47-E4C6188649DA}.Debug|Win32.ActiveCfg = Debug|Win32
		{C45FDDBD-8A1E-4726-AA47-E4C6188649DA}.Debug|Win32.Build.0 = Debug|Win32
		{C45FDDBD-8A1E-4726-AA47-E4C6188649DA}.Release|Win32.ActiveCfg = Release|Win32
		{C45FDDBD-8A1E-4726-AA47-E4C6188649DA}.Release|Win32.Build.0 = Release|Win32
		{A222B9AD-EFCA-454F-87F2-6B87623D6525}.Debug|Win32.ActiveCfg = Debug|Win32
		{A222B9AD-EFCA-454F-87F2-6B87623D6525}.Debug|Win32.Build.0 = Debug|Win32
		{A222B9AD-EFCA-454F-87F2-6B87623D6525}.Release|Win32.ActiveCfg = Release|Win32
		{A222B9AD-EFCA-454F-87F2-6B87623D6525}.Release|Win32.Build.0 = Release|Win32
	EndGlobalSection
	GlobalSection(SolutionProperties) = preSolution
		HideSolutionNode = FALSE
	EndGlobalSection
EndGlobal
